
Microsoft Visual Studio Solution File, Format Version 12.00
# Visual Studio 15
VisualStudioVersion = 15.0.27703.2042
MinimumVisualStudioVersion = 10.0.40219.1
Project("{8BC9CEB8-8B4A-11D0-8D11-00A0C91BC942}") = "Image", "Image.vcxproj", "{D4CFA9B5-EDD6-432B-86A3-5EBB21B98512}"
EndProject
Project("{8BC9CEB8-8B4A-11D0-8D11-00A0C91BC942}") = "Util", "Util.vcxproj", "{DB8A938D-8B16-459E-8EB4-E30FB5323D93}"
EndProject
Project("{2150E333-8FDC-42A3-9474-1A3956D46DE8}") = "SVD", "SVD", "{9045DD49-6104-4AE9-B00E-28D9DE13F0F2}"
	ProjectSection(SolutionItems) = preProject
		SVD\MatrixMNTC.h = SVD\MatrixMNTC.h
		SVD\MatrixMNTC.inl = SVD\MatrixMNTC.inl
		SVD\SVD.h = SVD\SVD.h
		SVD\SVD.inl = SVD\SVD.inl
		SVD\SVDFit.h = SVD\SVDFit.h
		SVD\SVDFit.inl = SVD\SVDFit.inl
	EndProjectSection
EndProject
Project("{8BC9CEB8-8B4A-11D0-8D11-00A0C91BC942}") = "Ray", "Ray.vcxproj", "{58C2CB0D-68DD-4B1F-9783-B109143E6B7D}"
EndProject
Project("{8BC9CEB8-8B4A-11D0-8D11-00A0C91BC942}") = "Assignment1", "Assignment1.vcxproj", "{C0074448-59CD-4511-A07D-56BCF5EAF28C}"
	ProjectSection(ProjectDependencies) = postProject
		{DB8A938D-8B16-459E-8EB4-E30FB5323D93} = {DB8A938D-8B16-459E-8EB4-E30FB5323D93}
		{D4CFA9B5-EDD6-432B-86A3-5EBB21B98512} = {D4CFA9B5-EDD6-432B-86A3-5EBB21B98512}
		{31ADF9C1-FCE1-4D83-AE0F-6EAE3BB63316} = {31ADF9C1-FCE1-4D83-AE0F-6EAE3BB63316}
	EndProjectSection
EndProject
Project("{8BC9CEB8-8B4A-11D0-8D11-00A0C91BC942}") = "Assignment3", "Assignment3.vcxproj", "{CF9C76A6-C87A-4C7B-8AF2-A8E55EE3F9D5}"
	ProjectSection(ProjectDependencies) = postProject
		{58C2CB0D-68DD-4B1F-9783-B109143E6B7D} = {58C2CB0D-68DD-4B1F-9783-B109143E6B7D}
		{DB8A938D-8B16-459E-8EB4-E30FB5323D93} = {DB8A938D-8B16-459E-8EB4-E30FB5323D93}
		{7CB15BA8-857E-4F59-B840-635A3316B4B1} = {7CB15BA8-857E-4F59-B840-635A3316B4B1}
		{D4CFA9B5-EDD6-432B-86A3-5EBB21B98512} = {D4CFA9B5-EDD6-432B-86A3-5EBB21B98512}
		{31ADF9C1-FCE1-4D83-AE0F-6EAE3BB63316} = {31ADF9C1-FCE1-4D83-AE0F-6EAE3BB63316}
	EndProjectSection
EndProject
Project("{8BC9CEB8-8B4A-11D0-8D11-00A0C91BC942}") = "JPEG", "JPEG.vcxproj", "{31ADF9C1-FCE1-4D83-AE0F-6EAE3BB63316}"
EndProject
Project("{8BC9CEB8-8B4A-11D0-8D11-00A0C91BC942}") = "Assignment4", "Assignment4.vcxproj", "{F1B79704-9571-45F3-A83A-733F3A6E62A2}"
	ProjectSection(ProjectDependencies) = postProject
		{58C2CB0D-68DD-4B1F-9783-B109143E6B7D} = {58C2CB0D-68DD-4B1F-9783-B109143E6B7D}
		{DB8A938D-8B16-459E-8EB4-E30FB5323D93} = {DB8A938D-8B16-459E-8EB4-E30FB5323D93}
		{7CB15BA8-857E-4F59-B840-635A3316B4B1} = {7CB15BA8-857E-4F59-B840-635A3316B4B1}
		{D4CFA9B5-EDD6-432B-86A3-5EBB21B98512} = {D4CFA9B5-EDD6-432B-86A3-5EBB21B98512}
		{31ADF9C1-FCE1-4D83-AE0F-6EAE3BB63316} = {31ADF9C1-FCE1-4D83-AE0F-6EAE3BB63316}
	EndProjectSection
EndProject
Project("{8BC9CEB8-8B4A-11D0-8D11-00A0C91BC942}") = "Assignment2", "Assignment2.vcxproj", "{A46361EC-5C6E-4EEB-BD61-07ECED8B8463}"
	ProjectSection(ProjectDependencies) = postProject
		{58C2CB0D-68DD-4B1F-9783-B109143E6B7D} = {58C2CB0D-68DD-4B1F-9783-B109143E6B7D}
		{DB8A938D-8B16-459E-8EB4-E30FB5323D93} = {DB8A938D-8B16-459E-8EB4-E30FB5323D93}
		{7CB15BA8-857E-4F59-B840-635A3316B4B1} = {7CB15BA8-857E-4F59-B840-635A3316B4B1}
		{D4CFA9B5-EDD6-432B-86A3-5EBB21B98512} = {D4CFA9B5-EDD6-432B-86A3-5EBB21B98512}
		{31ADF9C1-FCE1-4D83-AE0F-6EAE3BB63316} = {31ADF9C1-FCE1-4D83-AE0F-6EAE3BB63316}
	EndProjectSection
EndProject
Project("{8BC9CEB8-8B4A-11D0-8D11-00A0C91BC942}") = "GLEW", "GLEW.vcxproj", "{7CB15BA8-857E-4F59-B840-635A3316B4B1}"
EndProject
Global
	GlobalSection(SolutionConfigurationPlatforms) = preSolution
		Release|x64 = Release|x64
	EndGlobalSection
	GlobalSection(ProjectConfigurationPlatforms) = postSolution
		{D4CFA9B5-EDD6-432B-86A3-5EBB21B98512}.Release|x64.ActiveCfg = Release|x64
		{D4CFA9B5-EDD6-432B-86A3-5EBB21B98512}.Release|x64.Build.0 = Release|x64
		{DB8A938D-8B16-459E-8EB4-E30FB5323D93}.Release|x64.ActiveCfg = Release|x64
		{DB8A938D-8B16-459E-8EB4-E30FB5323D93}.Release|x64.Build.0 = Release|x64
		{58C2CB0D-68DD-4B1F-9783-B109143E6B7D}.Release|x64.ActiveCfg = Release|x64
		{58C2CB0D-68DD-4B1F-9783-B109143E6B7D}.Release|x64.Build.0 = Release|x64
		{C0074448-59CD-4511-A07D-56BCF5EAF28C}.Release|x64.ActiveCfg = Release|x64
		{C0074448-59CD-4511-A07D-56BCF5EAF28C}.Release|x64.Build.0 = Release|x64
		{CF9C76A6-C87A-4C7B-8AF2-A8E55EE3F9D5}.Release|x64.ActiveCfg = Release|x64
		{CF9C76A6-C87A-4C7B-8AF2-A8E55EE3F9D5}.Release|x64.Build.0 = Release|x64
		{31ADF9C1-FCE1-4D83-AE0F-6EAE3BB63316}.Release|x64.ActiveCfg = Release|x64
		{31ADF9C1-FCE1-4D83-AE0F-6EAE3BB63316}.Release|x64.Build.0 = Release|x64
		{F1B79704-9571-45F3-A83A-733F3A6E62A2}.Release|x64.ActiveCfg = Release|x64
		{F1B79704-9571-45F3-A83A-733F3A6E62A2}.Release|x64.Build.0 = Release|x64
		{A46361EC-5C6E-4EEB-BD61-07ECED8B8463}.Release|x64.ActiveCfg = Release|x64
		{A46361EC-5C6E-4EEB-BD61-07ECED8B8463}.Release|x64.Build.0 = Release|x64
		{7CB15BA8-857E-4F59-B840-635A3316B4B1}.Release|x64.ActiveCfg = Release|x64
		{7CB15BA8-857E-4F59-B840-635A3316B4B1}.Release|x64.Build.0 = Release|x64
	EndGlobalSection
	GlobalSection(SolutionProperties) = preSolution
		HideSolutionNode = FALSE
	EndGlobalSection
	GlobalSection(ExtensibilityGlobals) = postSolution
		SolutionGuid = {B0CA100E-E078-47D9-B8CD-B2701F050808}
	EndGlobalSection
EndGlobal
